{
  "requires": true,
  "lockfileVersion": 1,
  "dependencies": {
    "react-native-local-notifications": {
      "version": "2.0.0",
      "resolved": "https://registry.npmjs.org/react-native-local-notifications/-/react-native-local-notifications-2.0.0.tgz",
      "integrity": "sha512-rTKuohXC9ht03ySVooLuQ0FwzqHtrW9nG3BlIa0t+ZuJR7+VfLHdcfPzNHak8SuNITkKN2ta9JKHgbBnarkCoA=="
    }
  }
}
